# sha256 immutable-package-url
38bd817375f053b6d939f80a30582d05bc6ed5cd07db135e7f3120a27f1b9512 https://repo.msys2.org/msys/x86_64/autoconf2.13-2.13-6-any.pkg.tar.zst
56b2de8e53e46a88bb217a427c2f7b5671ac6400148681fb2089e9b7be817364 https://repo.msys2.org/msys/x86_64/autoconf2.69-2.69-4-any.pkg.tar.zst
55be2b911beaa0424d60fdcf206f2411a0eb24cb53e66a82964497ef8a4faac0 https://repo.msys2.org/msys/x86_64/autoconf2.71-2.71-4-any.pkg.tar.zst
65b3a37edf8bb4221d38db910ce1acc1ed879c7bcba33faa058066d06d35e7b0 https://repo.msys2.org/msys/x86_64/autoconf2.72-2.72-4-any.pkg.tar.zst
716d0542dc12a481f1c2d5574f17f1470eb9d3226cf6e206d4e243c12fa95e1a https://repo.msys2.org/msys/x86_64/autoconf2.73-2.73-1-any.pkg.tar.zst
84c1f93d4450b3bf1ef567110b51c15ffb3f13670d656cc48fea70a01371b20c https://repo.msys2.org/msys/x86_64/autoconf-wrapper-20260320-1-any.pkg.tar.zst
25ecc6296e1416513153c290442cbca6dcb813c1c50e5beb3a708408ba5de3a5 https://repo.msys2.org/msys/x86_64/automake1.11-1.11.6-6-any.pkg.tar.zst
b6c91241999c6ff8d04c5ea8011b10544a373b01eacb7993c66db99e5f4fb373 https://repo.msys2.org/msys/x86_64/automake1.12-1.12.6-6-any.pkg.tar.zst
a0d3eb1b359a67c1c8a9161cf79ba681cccabf47c78cb40d3065b5eff02a82f0 https://repo.msys2.org/msys/x86_64/automake1.13-1.13.4-7-any.pkg.tar.zst
0b097559c1fa79124552334b63d13417bcec8a08008ab65f77d27300a4ccc5b4 https://repo.msys2.org/msys/x86_64/automake1.14-1.14.1-6-any.pkg.tar.zst
e3c73d0094eebbc2353b2ddd0b7c81020917c2ec09d3e4967d7abc9794fa7843 https://repo.msys2.org/msys/x86_64/automake1.15-1.15.1-4-any.pkg.tar.zst
1963b5fa0ab5eaf1bdc311501cd742c6bb19941e831dcc8ab1e51a8c7f1634fe https://repo.msys2.org/msys/x86_64/automake1.16-1.16.5-1-any.pkg.tar.zst
bb069dbb6f580c2346d2f6d74268b5e12e625f7ba57299426f9cd6c0fa714191 https://repo.msys2.org/msys/x86_64/automake1.17-1.17-1-any.pkg.tar.zst
c045d9eddf900dbacae06d9e0e19e250cc32d849def7d06b833253f85e3fc941 https://repo.msys2.org/msys/x86_64/automake1.18-1.18.1-1-any.pkg.tar.zst
693817c288c81bb9f94ac92e5b6f914402735b80bb33e326ccddd7c89cc6a719 https://repo.msys2.org/msys/x86_64/automake-wrapper-20260320-1-any.pkg.tar.zst
7439ca784a9909e0730a513d3aff15852c3b292ac85053fa2dd7a2a19c1ce04c https://repo.msys2.org/msys/x86_64/bison-3.8.2-5-x86_64.pkg.tar.zst
7902c8ce3d4dd69a0f5e98dc9d5c83c17b23314ba486169db57ef6e2835ce3b6 https://repo.msys2.org/msys/x86_64/diffutils-3.12-1-x86_64.pkg.tar.zst
59e0ab1f8a66e507e14000b23f31f3e18cecece092704fd29bafe87edbcc2c56 https://repo.msys2.org/msys/x86_64/git-2.55.0-1-x86_64.pkg.tar.zst
4b3906a2a677232d43db712b6fecab50da761c5b229c5018178a577c5c25ec64 https://repo.msys2.org/msys/x86_64/heimdal-7.8.0-5-x86_64.pkg.tar.zst
a661826edc2d452f8d74bae2cd5974dfbcd84e23bfbfa7ea3db38ee010d7b004 https://repo.msys2.org/msys/x86_64/libcbor-0.14.0-2-x86_64.pkg.tar.zst
30794db36fa21af67c7126a221e2cb95b177be08845bb38720a8c9f28c39cdbb https://repo.msys2.org/msys/x86_64/libfido2-1.17.0-1-x86_64.pkg.tar.zst
bc17673d87573f997c2aad6680edb57a54a7ab837fd58a95dcd6030aac1f63e4 https://repo.msys2.org/msys/x86_64/libltdl-2.6.2-1-x86_64.pkg.tar.zst
ed51a0790d6cd59d24f2f76c826ed0e8d85f81bc1ac2807736400ea5e178fc5a https://repo.msys2.org/msys/x86_64/libtool-2.6.2-1-x86_64.pkg.tar.zst
b561e8871c7599502d9fae7196ee965b3fed3d7af09154eb8d2f5e4d9e5e5106 https://repo.msys2.org/msys/x86_64/m4-1.4.21-1-x86_64.pkg.tar.zst
af0bdba17f06fe037f0194069adaa31a8fe45f1a11381501896aea1fae37bd5d https://repo.msys2.org/msys/x86_64/make-4.4.1-3-x86_64.pkg.tar.zst
f33f96e50eb2ac19b3511cd4ab1cd519c9efafa396d490d003210227e4f12451 https://repo.msys2.org/mingw/mingw32/mingw-w64-i686-binutils-2.47-3-any.pkg.tar.zst
354c0208f0e62b32771fac0abad920278a2d47313e62d6681786bc8a14e3c44d https://repo.msys2.org/mingw/mingw32/mingw-w64-i686-brotli-1.2.0-1-any.pkg.tar.zst
388da015be5064f46ca2442d4beecf7cae47b3c56c71702ae72a8eceaad1f845 https://repo.msys2.org/mingw/mingw32/mingw-w64-i686-bzip2-1.0.8-4-any.pkg.tar.zst
8b1a85dd79b1fa293c4717d98db843acf9ecc56aa458219344d72d4590438345 https://repo.msys2.org/mingw/mingw32/mingw-w64-i686-ca-certificates-20260816-1-any.pkg.tar.zst
d53411c225f5b5b358f8b15439f53928d110aeeb3f37c6ab22c4efed41e68e39 https://repo.msys2.org/mingw/mingw32/mingw-w64-i686-c-ares-1.34.8-1-any.pkg.tar.zst
268866af785bd2a62ccfb256bda791bdf42d2b2d825681d1bee8d6486fde824d https://repo.msys2.org/mingw/mingw32/mingw-w64-i686-cmake-4.4.3-2-any.pkg.tar.zst
6943b9e51752f3fe00d9123fddb08cd853e0b1780425fac2901eb97f2f64c3e7 https://repo.msys2.org/mingw/mingw32/mingw-w64-i686-cppdap-1.65.r11.g6464cd7-1-any.pkg.tar.zst
b6c3ba744d40ebbb9376ce4f511736a3323c2bc2bea8c65039c95d260d3ed5da https://repo.msys2.org/mingw/mingw32/mingw-w64-i686-crt-14.0.0.r353.g6df76fa52-4-any.pkg.tar.zst
75c576e907e48f1e888614331ed143e8e6584d0891e4eedb3adb3b184e238f0c https://repo.msys2.org/mingw/mingw32/mingw-w64-i686-curl-8.22.0-1-any.pkg.tar.zst
b1756582feb3570185f4f7b2e1fd650070d098e0a7435ed3cb3b8ab8ecab1fbc https://repo.msys2.org/mingw/mingw32/mingw-w64-i686-expat-2.8.4-2-any.pkg.tar.zst
618d14714de8de2d5e5277f67e8b3afff0707aabc7860f9559b99a0edc1a4890 https://repo.msys2.org/mingw/mingw32/mingw-w64-i686-flac-1.5.0-2-any.pkg.tar.zst
1b6a3eec656d8ff7c5b001e4b2af45d5f9bf895697003850db0013b80829be9b https://repo.msys2.org/mingw/mingw32/mingw-w64-i686-freetype-2.14.3-1-any.pkg.tar.zst
08d09af746f01e0f406e4f5ea41738db3e89f1e17c113185bd80de1ac86d760e https://repo.msys2.org/mingw/mingw32/mingw-w64-i686-gcc-16.2.0-3-any.pkg.tar.zst
87ba4a8ef8383275eb75789f6291e2b60925702392cf0de8fdb6eec8c65e3da7 https://repo.msys2.org/mingw/mingw32/mingw-w64-i686-gcc-libs-16.2.0-3-any.pkg.tar.zst
b096eb69be4710c74e1a568f8a6fc05acdaf5fd1cccdf3ba10b62bc74df1dde3 https://repo.msys2.org/mingw/mingw32/mingw-w64-i686-gettext-runtime-1.0-1-any.pkg.tar.zst
2a17b9ab4cff6cd0422eb087c5e99287cb5045595f001ad4af9838df16148926 https://repo.msys2.org/mingw/mingw32/mingw-w64-i686-glib2-2.88.3-1-any.pkg.tar.zst
cb23f87b33c20ae2de9638145a56bffdddf01a2afce2cb6dc43753d4e27bc448 https://repo.msys2.org/mingw/mingw32/mingw-w64-i686-gmp-6.3.0-2-any.pkg.tar.zst
680583ed523686e9366a37050a0b6472c0a0c1d35d1642a43ef3c26c2bcf5982 https://repo.msys2.org/mingw/mingw32/mingw-w64-i686-gnutls-3.8.13-3-any.pkg.tar.zst
534a747d88e974291212e2abe5f35393fcffa9620311418b07af2a894daaf5bc https://repo.msys2.org/mingw/mingw32/mingw-w64-i686-graphite2-1.3.15-1-any.pkg.tar.zst
f40e99a7f06bf36f3c1f7a0ccc23dad94ce9a5f0aa27b7f03de5c2b4c586db0a https://repo.msys2.org/mingw/mingw32/mingw-w64-i686-harfbuzz-14.4.0-1-any.pkg.tar.zst
314e0789a9a2266511e27a2e269b8dde885955671a6e4ac04d8b2f12810b6b90 https://repo.msys2.org/mingw/mingw32/mingw-w64-i686-headers-14.0.0.r353.g6df76fa52-2-any.pkg.tar.zst
df526ad433d959e5910e0f49f0343c61c992d5e8a7b28e27ca2bd8ffdf07304c https://repo.msys2.org/mingw/mingw32/mingw-w64-i686-isl-0.28-1-any.pkg.tar.zst
12695360080f692930c615b0aa178ffab18eee739ee29dfa4121722925cdabb0 https://repo.msys2.org/mingw/mingw32/mingw-w64-i686-jsoncpp-1.9.8-1-any.pkg.tar.zst
99c312354d584daee524e2048fac489a11ce24c94baf0f18d03bf8107bd0e088 https://repo.msys2.org/mingw/mingw32/mingw-w64-i686-libarchive-3.8.9-6-any.pkg.tar.zst
7b5534ae9b2725698932c8b43daab7e67ef687aa8406d8edd02ffaa58b05abb5 https://repo.msys2.org/mingw/mingw32/mingw-w64-i686-libb2-0.98.1-3-any.pkg.tar.zst
81693922f14ab53d9d3fae6ba737d4e78bdeb30f0e7546399e26b07763c1d6b0 https://repo.msys2.org/mingw/mingw32/mingw-w64-i686-libffi-3.8.0-1-any.pkg.tar.zst
12307416cfe45b6fbe1fb29c28594590bb59883856edf41b043d0daf684e4668 https://repo.msys2.org/mingw/mingw32/mingw-w64-i686-libiconv-1.19-1-any.pkg.tar.zst
57490f1127f2cc8d38f7202f8e02d30655f8073bf6d4e7d1199d3b502095fedb https://repo.msys2.org/mingw/mingw32/mingw-w64-i686-libidn2-2.3.8-4-any.pkg.tar.zst
e4ffad8817a89da8e35d8f3f40082a7d2e5baa0ca6b1da5ab19b03153c493f19 https://repo.msys2.org/mingw/mingw32/mingw-w64-i686-libogg-1.3.6-1-any.pkg.tar.zst
1a67a6b37e4a77743e8d06e33b331218f9d6285d0ddb22ee0cfe6316a3ae463c https://repo.msys2.org/mingw/mingw32/mingw-w64-i686-libpng-1.6.58-1-any.pkg.tar.zst
63495a5e37604a2948271a5e7750eb1817a2ee6248c52b895916c5e377a5f169 https://repo.msys2.org/mingw/mingw32/mingw-w64-i686-libpsl-0.21.5-3-any.pkg.tar.zst
2d8ca89a5a9991051486b99fa2c3af2e5dab5d28edbb1294490e9040b01b1158 https://repo.msys2.org/mingw/mingw32/mingw-w64-i686-libssh2-1.11.1-2-any.pkg.tar.zst
11d04774600c3a500b8207defb1a7382f3018650cefa3578098043671ef530ab https://repo.msys2.org/mingw/mingw32/mingw-w64-i686-libsystre-1.0.2-3-any.pkg.tar.zst
b4b3309bfd40151d2b30ad3c86b2bc24e43494927a33626cac691aeacf89f0e9 https://repo.msys2.org/mingw/mingw32/mingw-w64-i686-libtasn1-4.21.0-1-any.pkg.tar.zst
f1b8e34f218d466345fb385dff772ad2cfc13164a8ba99f2b51536f3da84b17a https://repo.msys2.org/mingw/mingw32/mingw-w64-i686-libtre-0.9.0-2-any.pkg.tar.zst
c8e6b485cecfb908674cea221b00a65897cd5aaa0bd6ee366ac3b4914ff9155a https://repo.msys2.org/mingw/mingw32/mingw-w64-i686-libunistring-1.4.2-1-any.pkg.tar.zst
09b7c6bfaf9d25d4bf8a2c1da9a81320143195a13b3bc124b58ca911afb5f222 https://repo.msys2.org/mingw/mingw32/mingw-w64-i686-libuv-1.52.1-1-any.pkg.tar.zst
4a293b2e36f2d0029ab5f9ba945e682b0ca4500f391d37baff47a343ee3f05cb https://repo.msys2.org/mingw/mingw32/mingw-w64-i686-libvorbis-1.3.7-3-any.pkg.tar.zst
a984418cf17f3deab736c457254a78752afe253f53733992ac78299f95adef52 https://repo.msys2.org/mingw/mingw32/mingw-w64-i686-libwinpthread-14.0.0.r353.g6df76fa52-2-any.pkg.tar.zst
cf1b59ce9defb466c8dbb6e83d4afa9fe65e8a46bd0a3c9e345f207a1a373bc6 https://repo.msys2.org/mingw/mingw32/mingw-w64-i686-libyaml-0.2.5-2-any.pkg.tar.zst
b89e9bdb80509468358d2143beb136915f86b4b1f811f5059508b4cbd25fdb69 https://repo.msys2.org/mingw/mingw32/mingw-w64-i686-lz4-1.10.0-1-any.pkg.tar.zst
200e0a7612c2b667507a03d08b51f45e12db8bfc076fd5185f7c58f2c8a9acde https://repo.msys2.org/mingw/mingw32/mingw-w64-i686-mpc-1.4.1-1-any.pkg.tar.zst
65ee95da0bb9e563b89705647332495e4731a5339656795dd42f96308c29a82b https://repo.msys2.org/mingw/mingw32/mingw-w64-i686-mpdecimal-4.0.1-3-any.pkg.tar.zst
87cd116c4e4deb2fe89b713c58e6c123c0b415ffff97d13ab2465bbca316c33c https://repo.msys2.org/mingw/mingw32/mingw-w64-i686-mpfr-4.2.2-3-any.pkg.tar.zst
b27a42a41e312dcb3c44c902d3a9e19069f0a485367aff58fdc104474d0a6553 https://repo.msys2.org/mingw/mingw32/mingw-w64-i686-ncurses-6.6-4-any.pkg.tar.zst
e0f94630e60bbd325c17652e931522009c5e4c27421c4fad3229355290ac6d0d https://repo.msys2.org/mingw/mingw32/mingw-w64-i686-nettle-4.0-1-any.pkg.tar.zst
8fb63e8170cd653d028c8b09f222cfdadd7a3b48585201295d6b706046c2bd13 https://repo.msys2.org/mingw/mingw32/mingw-w64-i686-nghttp2-1.70.0-1-any.pkg.tar.zst
d901ea6883596c083887d204abfe3a4007d42d549341c22fd54945773e826a8c https://repo.msys2.org/mingw/mingw32/mingw-w64-i686-nghttp3-1.18.0-1-any.pkg.tar.zst
6444db56313ead918de3736c1351e5f962a7c6e8f2da3eb8327b9025a5c3d73d https://repo.msys2.org/mingw/mingw32/mingw-w64-i686-ngtcp2-1.25.0-1-any.pkg.tar.zst
016fbc7dfa9cc6ee8cfa10dd44f8ddf77c37824cf0a364facac0ea57eec1687c https://repo.msys2.org/mingw/mingw32/mingw-w64-i686-ninja-1.13.2-1-any.pkg.tar.zst
ffc49cb7560a052e3e834578b4c0377dc5beb4a490b5b9464b3b4a0315dfb562 https://repo.msys2.org/mingw/mingw32/mingw-w64-i686-openssl-3.6.4-1-any.pkg.tar.zst
f2d90c8ba527eb6880c0d8f8b28e816ef5affa5187276c66c15ddf02fcc8ff27 https://repo.msys2.org/mingw/mingw32/mingw-w64-i686-p11-kit-0.26.5-1-any.pkg.tar.zst
ecc39936e79d8920d49c83ea3c64543b50e8246a29f33c4460f2b85633151d7f https://repo.msys2.org/mingw/mingw32/mingw-w64-i686-pcre2-10.48-3-any.pkg.tar.zst
736d7fb2fa1d337381af2fd65cd41c9c569dfe5faffa2f91f2cce0a5bfbbc79e https://repo.msys2.org/mingw/mingw32/mingw-w64-i686-pkgconf-1~3.0.7-1-any.pkg.tar.zst
b594b773b988b1469031dc2fc23cc88ac93b4cf518890ef16a39ea7f2fdda7c4 https://repo.msys2.org/mingw/mingw32/mingw-w64-i686-python-3.14.7-1-any.pkg.tar.zst
068eadd544c09018490a0ad1bf77719b12fc561545ec748265173247a619cac7 https://repo.msys2.org/mingw/mingw32/mingw-w64-i686-python-certifi-2026.7.22-1-any.pkg.tar.zst
a73b89c6b786848cb4bdc52891d711419bc410f65a4f149390807f95c49a74c4 https://repo.msys2.org/mingw/mingw32/mingw-w64-i686-python-charset-normalizer-3.5.1-1-any.pkg.tar.zst
b3d79b38551a4465ef78981463dbfba506289037c22526b05208a82de7c60b7a https://repo.msys2.org/mingw/mingw32/mingw-w64-i686-python-idna-3.19-1-any.pkg.tar.zst
de6b3fdf9aefe691fa188116373742bef0bdb6849c7f44ae15a448320c847683 https://repo.msys2.org/mingw/mingw32/mingw-w64-i686-python-packaging-26.3-1-any.pkg.tar.zst
eec727be3b31cd683079fa97e5a03b0da6829ef9218abba29096496eb28972bb https://repo.msys2.org/mingw/mingw32/mingw-w64-i686-python-requests-2.34.2-1-any.pkg.tar.zst
08c8de8c1421779381ba55c5fcbc12af2324bc7ac47dea5f78d8f435ef8679c0 https://repo.msys2.org/mingw/mingw32/mingw-w64-i686-python-urllib3-2.7.0-1-any.pkg.tar.zst
2c4dc400f5816fa5393dc95094d72360b14baf7346e429df751dcd30068979c6 https://repo.msys2.org/mingw/mingw32/mingw-w64-i686-rhash-1.4.6-1-any.pkg.tar.zst
b34ffa392855360e4f30120268f2395ddaaa9567e28eb89386fb55194329a4e4 https://repo.msys2.org/mingw/mingw32/mingw-w64-i686-sqlite3-3.53.4-1-any.pkg.tar.zst
debd51f44e63ce7c33b7233b9881dd2489abedc74ecc17a6820baaa8c2fe7f64 https://repo.msys2.org/mingw/mingw32/mingw-w64-i686-tcl-8.6.18-1-any.pkg.tar.zst
6fe926b455cc7414a09864f0870050303d38432c715e00f9f20c8a7c79524e7f https://repo.msys2.org/mingw/mingw32/mingw-w64-i686-tk-8.6.18-1-any.pkg.tar.zst
683527f30e0595ae5eded3ae51902b4b4d087d95e2f0e0ea14ea7eb9a77f4e80 https://repo.msys2.org/mingw/mingw32/mingw-w64-i686-tzdata-2026c-1-any.pkg.tar.zst
286f32e4f875136121ae156710e0a0c22c6a698b7e1e346201fc99a8b761e44c https://repo.msys2.org/mingw/mingw32/mingw-w64-i686-windows-default-manifest-20260815-1-any.pkg.tar.zst
52149323a3ad90dd767e1a3108652658905d8ca325c48b20b26216028d39d59c https://repo.msys2.org/mingw/mingw32/mingw-w64-i686-wineditline-2.208-1-any.pkg.tar.zst
c920bdf42fe32d89875231082780c56dae18154842b4671617430587c0a2ca92 https://repo.msys2.org/mingw/mingw32/mingw-w64-i686-winpthreads-14.0.0.r353.g6df76fa52-2-any.pkg.tar.zst
488a86f2692c57c9ccd0683b6f75e2c26fef63e0945ba2751f9cb7b03993b60b https://repo.msys2.org/mingw/mingw32/mingw-w64-i686-xz-5.8.3-1-any.pkg.tar.zst
03d1f7030adc892eb1ee8434f7201847093ff69b8ad9ff77a650d6dfae72083a https://repo.msys2.org/mingw/mingw32/mingw-w64-i686-zlib-1.3.2-2-any.pkg.tar.zst
e31d4194702b12f83b7b27b03fe4a68a5c2edc63dc4bd4689ab9d5a7bd8e5fff https://repo.msys2.org/mingw/mingw32/mingw-w64-i686-zstd-1.5.7-2-any.pkg.tar.zst
5adb5752c23180ad036dc44fe90e349b9943127d005d3a6b02fb2427ff6bb975 https://repo.msys2.org/msys/x86_64/openssh-10.5p1-2-x86_64.pkg.tar.zst
ff18fb4ed239d97f94d61a409b3db3b626015b6ba16b70e267652bb9efc54faa https://repo.msys2.org/msys/x86_64/p7zip-17.06-1-x86_64.pkg.tar.zst
dd75ca0f715dd9c71a43af6a0ff3d068faeee1d768e02282d319671201cd5d45 https://repo.msys2.org/msys/x86_64/patch-2.7.6-3-x86_64.pkg.tar.zst
d9692a5add7b0544a78e3e8d4efda7866d3630159a9144553791d302f8f865c2 https://repo.msys2.org/msys/x86_64/perl-5.42.3-1-x86_64.pkg.tar.zst
0686426546eb6bbefd4ec707b4f42d3963e9ada95fbfba63ee85912837e102e6 https://repo.msys2.org/msys/x86_64/perl-Authen-SASL-2.2100-1-any.pkg.tar.zst
fd131c4b6c12d29525a3f14382f001ba1bdb2e65be3f55afe9c82d7fb29e2224 https://repo.msys2.org/msys/x86_64/perl-Clone-0.50-2-x86_64.pkg.tar.zst
164e802322370041dbb78d07ad3b59e017de1d281794734889bc905c273b4923 https://repo.msys2.org/msys/x86_64/perl-Convert-BinHex-1.125-2-any.pkg.tar.zst
b6d0a57ca9e090073ba5a082cc0493dfbc1a85e6d9feaae70cceabadd28fd018 https://repo.msys2.org/msys/x86_64/perl-Encode-Locale-1.05-2-any.pkg.tar.zst
25565c40d39442f96c71a3c837b996ea5dd5e39fae44655d04479e4381873467 https://repo.msys2.org/msys/x86_64/perl-Error-0.17030-1-any.pkg.tar.zst
d6c5083d5ecd859acf08dccdc4f98f4eed9170b7e7af86e7fcae1ce5789a2a00 https://repo.msys2.org/msys/x86_64/perl-File-Listing-6.16-1-any.pkg.tar.zst
23eaa504e860619e78915cbd5249b28ca497538a8ea1291c2d352036128530a0 https://repo.msys2.org/msys/x86_64/perl-HTML-Parser-3.85-1-x86_64.pkg.tar.zst
36a89439a14a73d725a40aaab1911434b346c998bb4ead1e15146028cdd6451a https://repo.msys2.org/msys/x86_64/perl-HTML-Tagset-3.24-1-any.pkg.tar.zst
aceee3419ec000a08fc2707c2972302f7e2b6cd2160dd06c632f280f30f7838a https://repo.msys2.org/msys/x86_64/perl-http-cookiejar-0.014-1-any.pkg.tar.zst
34268ada050731878e8a0931036eaa8e00451b562ed4f534d9cba4cd34581fcc https://repo.msys2.org/msys/x86_64/perl-HTTP-Cookies-6.12-1-any.pkg.tar.zst
2187d398b354ae2036d6631b860308aa5ad34ea9be82e384d18c041278ad9161 https://repo.msys2.org/msys/x86_64/perl-HTTP-Daemon-6.17-1-any.pkg.tar.zst
0a07b0deb43474c71284e6df996b2e24bf55e2d20800eb11dcf93727a5046062 https://repo.msys2.org/msys/x86_64/perl-HTTP-Date-6.08-1-any.pkg.tar.zst
a4ea42448c479c4b88606784aeaaac3586a3098708e3d55985e4f71e8e98f076 https://repo.msys2.org/msys/x86_64/perl-HTTP-Message-7.04-1-any.pkg.tar.zst
7d436cce8fa8438b718e45abf4e9f529995c302c81893e1cbe8660bf2a15d400 https://repo.msys2.org/msys/x86_64/perl-HTTP-Negotiate-6.01-3-any.pkg.tar.zst
d84e9eb722f7e256cfbc8d84894e7413b68498fbda08df83f75a08807bafa3e1 https://repo.msys2.org/msys/x86_64/perl-IO-HTML-1.004-2-any.pkg.tar.zst
88308bbe0f4ae92b3fa7207a4fdc3b4ab7512ea4c427de28d38e10a4191865ac https://repo.msys2.org/msys/x86_64/perl-IO-Socket-SSL-2.099-1-any.pkg.tar.zst
eda6107fa2f077f899e92cf84822751439f9152ea98bea2f25bd657a90ee21eb https://repo.msys2.org/msys/x86_64/perl-IO-Stringy-2.113-3-any.pkg.tar.zst
aea6a7ee7c5ebabf2a2bc8050e2b7e7cee37c5ffe075a0f7e055aa822e5f9d82 https://repo.msys2.org/msys/x86_64/perl-libwww-6.83-2-any.pkg.tar.zst
884093b2fe551604b47fc251bda7ac68edb032b242b7be9e512af3060d66ef07 https://repo.msys2.org/msys/x86_64/perl-LWP-MediaTypes-6.05-1-any.pkg.tar.zst
2a39fdc73fd364715de5038feb535a5401607d657a0badf27548f981224a852e https://repo.msys2.org/msys/x86_64/perl-MailTools-2.22-1-any.pkg.tar.zst
dc350a6881ba22417d60ea2069e8f2fe8a58569a7bf46b1f0edf540cc6e1e7d6 https://repo.msys2.org/msys/x86_64/perl-MIME-tools-5.518-1-any.pkg.tar.zst
2bdd43d95f1f7be7d9301bd82a40e149893c272c3df6cee7a197d658a046d931 https://repo.msys2.org/msys/x86_64/perl-Net-HTTP-6.24-1-any.pkg.tar.zst
31f4d27a07dd5091856e35fe7c4c5b10665744fd6a0f340f0e8f41da4935b655 https://repo.msys2.org/msys/x86_64/perl-Net-SMTP-SSL-1.04-2-any.pkg.tar.zst
1e975b175e21e6195b967b51a4dbd8970eb96319a670e8dff2081e11554fbaff https://repo.msys2.org/msys/x86_64/perl-Net-SSLeay-1.96-1-x86_64.pkg.tar.zst
f776ce0f6e4b0244a535efbfc6fe541365d7eb4c98509c119cd330a20d01ddf1 https://repo.msys2.org/msys/x86_64/perl-TermReadKey-2.38-8-x86_64.pkg.tar.zst
f58e0eb26b2d72fc7f863079ab1d45fac32b4bac0d9589a3560bf41a31ccb042 https://repo.msys2.org/msys/x86_64/perl-TimeDate-2.35-1-any.pkg.tar.zst
bea318e67b5eac1c41f0c71a4265b321f8944248a55a7691a0201a8784e48a43 https://repo.msys2.org/msys/x86_64/perl-Try-Tiny-0.32-1-any.pkg.tar.zst
86fc3813faddb90b12d2a34807d4459ab734abdcc8f63ca215d241d897a22aab https://repo.msys2.org/msys/x86_64/perl-URI-5.37-1-any.pkg.tar.zst
30c51fe709f126f47c6d309256c248c8b7072aef45eb5c8704eb7da3525406d2 https://repo.msys2.org/msys/x86_64/perl-WWW-RobotRules-6.03-1-any.pkg.tar.zst
71983bed200c4026cdec157837d989728d3de65e8cf644e03876df41a0f1b7c4 https://repo.msys2.org/msys/x86_64/tar-1.35-3-x86_64.pkg.tar.zst
c98ebac31ea92a63cf61c6190ed3e8284ccc0c29c43973f1b2c0de2874e5acfe https://repo.msys2.org/msys/x86_64/unzip-6.0-3-x86_64.pkg.tar.zst
05a0cba55b1d302861e8152c7aa08fb35819af625d79c75bd8502b5e105cd657 https://repo.msys2.org/msys/x86_64/xz-5.8.3-1-x86_64.pkg.tar.zst
